<?xml version="1.0" encoding="utf-8"?>
<Project ToolsVersion="4.0" xmlns="http://schemas.microsoft.com/developer/msbuild/2003">
  <ItemGroup>
    <Filter Include="Source Files">
      <UniqueIdentifier>{4FC737F1-C7A5-4376-A066-2A32D752A2FF}</UniqueIdentifier>
      <Extensions>cpp;c;cc;cxx;c++;cppm;ixx;def;odl;idl;hpj;bat;asm;asmx</Extensions>
    </Filter>
    <Filter Include="Header Files">
      <UniqueIdentifier>{93995380-89BD-4b04-88EB-625FBE52EBFB}</UniqueIdentifier>
      <Extensions>h;hh;hpp;hxx;h++;hm;inl;inc;ipp;xsd</Extensions>
    </Filter>
    <Filter Include="Resource Files">
      <UniqueIdentifier>{67DA6AB6-F800-4c08-8B7A-83BB121AAD01}</UniqueIdentifier>
      <Extensions>rc;ico;cur;bmp;dlg;rc2;rct;bin;rgs;gif;jpg;jpeg;jpe;resx;tiff;tif;png;wav;mfcribbon-ms</Extensions>
    </Filter>
    <Filter Include="Test Files">
      <UniqueIdentifier>{5aec8b3e-2d23-4016-b329-aebea6c87bdf}</UniqueIdentifier>
    </Filter>
  </ItemGroup>
  <ItemGroup>
    <ClCompile Include="Carte.cpp">
      <Filter>Source Files</Filter>
    </ClCompile>
    <ClCompile Include="CosCarti.cpp">
      <Filter>Source Files</Filter>
    </ClCompile>
    <ClCompile Include="DTORaport.cpp">
      <Filter>Source Files</Filter>
    </ClCompile>
    <ClCompile Include="FileRepo.cpp">
      <Filter>Source Files</Filter>
    </ClCompile>
    <ClCompile Include="Lista.cpp">
      <Filter>Source Files</Filter>
    </ClCompile>
    <ClCompile Include="main.cpp">
      <Filter>Source Files</Filter>
    </ClCompile>
    <ClCompile Include="Repo.cpp">
      <Filter>Source Files</Filter>
    </ClCompile>
    <ClCompile Include="RepoDict.cpp">
      <Filter>Source Files</Filter>
    </ClCompile>
    <ClCompile Include="Service.cpp">
      <Filter>Source Files</Filter>
    </ClCompile>
    <ClCompile Include="UI.cpp">
      <Filter>Source Files</Filter>
    </ClCompile>
    <ClCompile Include="Validator.cpp">
      <Filter>Source Files</Filter>
    </ClCompile>
    <ClCompile Include="TestAll.cpp">
      <Filter>Test Files</Filter>
    </ClCompile>
    <ClCompile Include="TestDomain.cpp">
      <Filter>Test Files</Filter>
    </ClCompile>
    <ClCompile Include="TestList.cpp">
      <Filter>Test Files</Filter>
    </ClCompile>
    <ClCompile Include="TestRepo.cpp">
      <Filter>Test Files</Filter>
    </ClCompile>
    <ClCompile Include="TestService.cpp">
      <Filter>Test Files</Filter>
    </ClCompile>
    <ClCompile Include="TestValidator.cpp">
      <Filter>Test Files</Filter>
    </ClCompile>
    <ClCompile Include="AbstractRepo.cpp">
      <Filter>Source Files</Filter>
    </ClCompile>
  </ItemGroup>
  <ItemGroup>
    <ClInclude Include="ActiuneUndo.h">
      <Filter>Header Files</Filter>
    </ClInclude>
    <ClInclude Include="Carte.h">
      <Filter>Header Files</Filter>
    </ClInclude>
    <ClInclude Include="CosCarti.h">
      <Filter>Header Files</Filter>
    </ClInclude>
    <ClInclude Include="DTORaport.h">
      <Filter>Header Files</Filter>
    </ClInclude>
    <ClInclude Include="FileRepo.h">
      <Filter>Header Files</Filter>
    </ClInclude>
    <ClInclude Include="Lista.h">
      <Filter>Header Files</Filter>
    </ClInclude>
    <ClInclude Include="Repo.h">
      <Filter>Header Files</Filter>
    </ClInclude>
    <ClInclude Include="RepoDict.h">
      <Filter>Header Files</Filter>
    </ClInclude>
    <ClInclude Include="Service.h">
      <Filter>Header Files</Filter>
    </ClInclude>
    <ClInclude Include="UI.h">
      <Filter>Header Files</Filter>
    </ClInclude>
    <ClInclude Include="Validator.h">
      <Filter>Header Files</Filter>
    </ClInclude>
    <ClInclude Include="TestAll.h">
      <Filter>Test Files</Filter>
    </ClInclude>
    <ClInclude Include="AbstractRepo.h">
      <Filter>Header Files</Filter>
    </ClInclude>
  </ItemGroup>
  <ItemGroup>
    <Text Include="carti.txt">
      <Filter>Resource Files</Filter>
    </Text>
  </ItemGroup>
</Project>